<Solution>
  <Project Path="ChaySocialSonnet.Web.Client/ChaySocialSonnet.Web.Client.csproj" />
  <Project Path="ChaySocialSonnet.Web/ChaySocialSonnet.Web.csproj" />
  <Project Path="ChaySocialSonnet/ChaySocialSonnet.csproj" />
  <Project Path="Generators/Generators.csproj" />
  <Project Path="MainProject/MainProject.csproj" />
</Solution>
